<?xml version="1.0" encoding="utf-8"?>
<Project ToolsVersion="4.0" xmlns="http://schemas.microsoft.com/developer/msbuild/2003">
  <ItemGroup>
    <Filter Include="Source Files">
      <UniqueIdentifier>{4FC737F1-C7A5-4376-A066-2A32D752A2FF}</UniqueIdentifier>
      <Extensions>cpp;c;cc;cxx;def;odl;idl;hpj;bat;asm;asmx</Extensions>
    </Filter>
    <Filter Include="Header Files">
      <UniqueIdentifier>{93995380-89BD-4b04-88EB-625FBE52EBFB}</UniqueIdentifier>
      <Extensions>h;hh;hpp;hxx;hm;inl;inc;xsd</Extensions>
    </Filter>
    <Filter Include="Resource Files">
      <UniqueIdentifier>{67DA6AB6-F800-4c08-8B7A-83BB121AAD01}</UniqueIdentifier>
      <Extensions>rc;ico;cur;bmp;dlg;rc2;rct;bin;rgs;gif;jpg;jpeg;jpe;resx;tiff;tif;png;wav;mfcribbon-ms</Extensions>
    </Filter>
    <Filter Include="shaders">
      <UniqueIdentifier>{2f988457-60b4-455a-81b2-06b717d48eaa}</UniqueIdentifier>
    </Filter>
    <Filter Include="Header Files\Misc">
      <UniqueIdentifier>{26119813-a638-4568-9f3f-0a3935ad5727}</UniqueIdentifier>
    </Filter>
    <Filter Include="Header Files\World">
      <UniqueIdentifier>{34a58b04-4a2a-4b75-a114-863207305aea}</UniqueIdentifier>
    </Filter>
    <Filter Include="Header Files\World\Objects">
      <UniqueIdentifier>{01378d98-e39b-4274-8db7-b18f35422a5b}</UniqueIdentifier>
    </Filter>
    <Filter Include="Header Files\World\Environment">
      <UniqueIdentifier>{47438afc-e5e9-4d51-9529-4825a492d79c}</UniqueIdentifier>
    </Filter>
    <Filter Include="Header Files\World\SimpleFigures">
      <UniqueIdentifier>{cb226299-0820-42da-a5e6-7daf4b4fd1c1}</UniqueIdentifier>
    </Filter>
  </ItemGroup>
  <ItemGroup>
    <Text Include="ReadMe.txt" />
  </ItemGroup>
  <ItemGroup>
    <ClInclude Include="stdafx.h">
      <Filter>Header Files</Filter>
    </ClInclude>
    <ClInclude Include="targetver.h">
      <Filter>Header Files</Filter>
    </ClInclude>
    <ClInclude Include="stb_image.h">
      <Filter>Header Files</Filter>
    </ClInclude>
    <ClInclude Include="Cuboid.h">
      <Filter>Header Files\World\SimpleFigures</Filter>
    </ClInclude>
    <ClInclude Include="MouseRay.h">
      <Filter>Header Files\Misc</Filter>
    </ClInclude>
    <ClInclude Include="Chest.h">
      <Filter>Header Files\World\Objects</Filter>
    </ClInclude>
    <ClInclude Include="Wall.h">
      <Filter>Header Files\World\Environment</Filter>
    </ClInclude>
    <ClInclude Include="Shader.h">
      <Filter>Header Files\Misc</Filter>
    </ClInclude>
    <ClInclude Include="Camera.h">
      <Filter>Header Files\Misc</Filter>
    </ClInclude>
    <ClInclude Include="Torch.h">
      <Filter>Header Files\World\Objects</Filter>
    </ClInclude>
    <ClInclude Include="Configuration.h">
      <Filter>Header Files\Misc</Filter>
    </ClInclude>
  </ItemGroup>
  <ItemGroup>
    <ClCompile Include="stdafx.cpp">
      <Filter>Source Files</Filter>
    </ClCompile>
    <ClCompile Include="GameDemo.cpp">
      <Filter>Source Files</Filter>
    </ClCompile>
  </ItemGroup>
  <ItemGroup>
    <None Include="packages.config" />
    <None Include="shaders\torch.frag">
      <Filter>shaders</Filter>
    </None>
    <None Include="shaders\torch.vert">
      <Filter>shaders</Filter>
    </None>
    <None Include="shaders\multiLights.frag">
      <Filter>shaders</Filter>
    </None>
    <None Include="shaders\multiLights.vert">
      <Filter>shaders</Filter>
    </None>
  </ItemGroup>
</Project>